
Microsoft Visual Studio Solution File, Format Version 12.00
# Visual Studio Version 17
VisualStudioVersion = 17.13.35919.96 d17.13
MinimumVisualStudioVersion = 10.0.40219.1
Project("{FAE04EC0-301F-11D3-BF4B-00C04F79EFBC}") = "WebApplication1", "WebApplication1\WebApplication1.csproj", "{26A95EFB-A6F7-4562-A5F4-018CD1F1FFCB}"
EndProject
Global
	GlobalSection(SolutionConfigurationPlatforms) = preSolution
		Debug|Any CPU = Debug|Any CPU
		Release|Any CPU = Release|Any CPU
	EndGlobalSection
	GlobalSection(ProjectConfigurationPlatforms) = postSolution
		{26A95EFB-A6F7-4562-A5F4-018CD1F1FFCB}.Debug|Any CPU.ActiveCfg = Debug|Any CPU
		{26A95EFB-A6F7-4562-A5F4-018CD1F1FFCB}.Debug|Any CPU.Build.0 = Debug|Any CPU
		{26A95EFB-A6F7-4562-A5F4-018CD1F1FFCB}.Release|Any CPU.ActiveCfg = Release|Any CPU
		{26A95EFB-A6F7-4562-A5F4-018CD1F1FFCB}.Release|Any CPU.Build.0 = Release|Any CPU
	EndGlobalSection
	GlobalSection(SolutionProperties) = preSolution
		HideSolutionNode = FALSE
	EndGlobalSection
	GlobalSection(ExtensibilityGlobals) = postSolution
		SolutionGuid = {83DC4B92-3012-44B0-AED7-001DB86F20C3}
	EndGlobalSection
EndGlobal
